
Microsoft Visual Studio Solution File, Format Version 12.00
# Visual Studio Version 16
VisualStudioVersion = 16.0.30717.126
MinimumVisualStudioVersion = 10.0.40219.1
Project("{FAE04EC0-301F-11D3-BF4B-00C04F79EFBC}") = "SimpleCalculator", "Calculator\SimpleCalculator.csproj", "{505A0C9A-EDAD-47DC-98A7-79264C2E11D1}"
EndProject
Global
	GlobalSection(SolutionConfigurationPlatforms) = preSolution
		Debug|Any CPU = Debug|Any CPU
		Release|Any CPU = Release|Any CPU
	EndGlobalSection
	GlobalSection(ProjectConfigurationPlatforms) = postSolution
		{505A0C9A-EDAD-47DC-98A7-79264C2E11D1}.Debug|Any CPU.ActiveCfg = Debug|Any CPU
		{505A0C9A-EDAD-47DC-98A7-79264C2E11D1}.Debug|Any CPU.Build.0 = Debug|Any CPU
		{505A0C9A-EDAD-47DC-98A7-79264C2E11D1}.Release|Any CPU.ActiveCfg = Release|Any CPU
		{505A0C9A-EDAD-47DC-98A7-79264C2E11D1}.Release|Any CPU.Build.0 = Release|Any CPU
	EndGlobalSection
	GlobalSection(SolutionProperties) = preSolution
		HideSolutionNode = FALSE
	EndGlobalSection
	GlobalSection(ExtensibilityGlobals) = postSolution
		SolutionGuid = {1F91FDC1-AA79-4449-8227-365A7D7CFF6B}
	EndGlobalSection
EndGlobal
